// !$*UTF8*$!
{
	archiveVersion = 1;
	classes = {
	};
	objectVersion = 45;
	objects = {

/* Begin PBXBuildFile section */
		1D60589F0D05DD5A006BFB54 /* Foundation.framework in Frameworks */ = {isa = PBXBuildFile; fileRef = 1D30AB110D05D00D00671497 /* Foundation.framework */; };
		1DF5F4E00D08C38300B7A737 /* UIKit.framework in Frameworks */ = {isa = PBXBuildFile; fileRef = 1DF5F4DF0D08C38300B7A737 /* UIKit.framework */; };
		288765FD0DF74451002DB57D /* CoreGraphics.framework in Frameworks */ = {isa = PBXBuildFile; fileRef = 288765FC0DF74451002DB57D /* CoreGraphics.framework */; };
		5326AEA810A23A0500278DE6 /* CoreLocation.framework in Frameworks */ = {isa = PBXBuildFile; fileRef = 5326AEA710A23A0500278DE6 /* CoreLocation.framework */; };
		53F323EB10A20EDB00E0DAE4 /* OpenAL.framework in Frameworks */ = {isa = PBXBuildFile; fileRef = 53F323EA10A20EDB00E0DAE4 /* OpenAL.framework */; };
		A70F7841159C26ED003B8B9A /* ofxTouchGUI.mm in Sources */ = {isa = PBXBuildFile; fileRef = A70F7832159C26ED003B8B9A /* ofxTouchGUI.mm */; };
		A70F7842159C26ED003B8B9A /* ofxTouchGUIBase.mm in Sources */ = {isa = PBXBuildFile; fileRef = A70F7834159C26ED003B8B9A /* ofxTouchGUIBase.mm */; };
		A70F7843159C26ED003B8B9A /* ofxTouchGUIButton.mm in Sources */ = {isa = PBXBuildFile; fileRef = A70F7836159C26ED003B8B9A /* ofxTouchGUIButton.mm */; };
		A70F7844159C26ED003B8B9A /* ofxTouchGUIDropDown.mm in Sources */ = {isa = PBXBuildFile; fileRef = A70F7838159C26ED003B8B9A /* ofxTouchGUIDropDown.mm */; };
		A70F7845159C26ED003B8B9A /* ofxTouchGUISlider.mm in Sources */ = {isa = PBXBuildFile; fileRef = A70F783A159C26ED003B8B9A /* ofxTouchGUISlider.mm */; };
		A70F7846159C26ED003B8B9A /* ofxTouchGUIText.mm in Sources */ = {isa = PBXBuildFile; fileRef = A70F783C159C26ED003B8B9A /* ofxTouchGUIText.mm */; };
		A70F7847159C26ED003B8B9A /* ofxTouchGUITextInput.mm in Sources */ = {isa = PBXBuildFile; fileRef = A70F783E159C26ED003B8B9A /* ofxTouchGUITextInput.mm */; };
		A70F7848159C26ED003B8B9A /* ofxTouchGUIToggleButton.mm in Sources */ = {isa = PBXBuildFile; fileRef = A70F7840159C26ED003B8B9A /* ofxTouchGUIToggleButton.mm */; };
		A7A9427A1578551100B3F023 /* tinyxml.cpp in Sources */ = {isa = PBXBuildFile; fileRef = A7A942731578551100B3F023 /* tinyxml.cpp */; };
		A7A9427B1578551100B3F023 /* tinyxmlerror.cpp in Sources */ = {isa = PBXBuildFile; fileRef = A7A942751578551100B3F023 /* tinyxmlerror.cpp */; };
		A7A9427C1578551100B3F023 /* tinyxmlparser.cpp in Sources */ = {isa = PBXBuildFile; fileRef = A7A942761578551100B3F023 /* tinyxmlparser.cpp */; };
		A7A9427D1578551100B3F023 /* ofxXmlSettings.cpp in Sources */ = {isa = PBXBuildFile; fileRef = A7A942781578551100B3F023 /* ofxXmlSettings.cpp */; };
		A7DA7B771578772C003E00C6 /* install.xml in Resources */ = {isa = PBXBuildFile; fileRef = A7DA7B4E1578772C003E00C6 /* install.xml */; };
		A7DA7B781578772C003E00C6 /* IpEndpointName.cpp in Sources */ = {isa = PBXBuildFile; fileRef = A7DA7B531578772C003E00C6 /* IpEndpointName.cpp */; };
		A7DA7B791578772C003E00C6 /* NetworkingUtils.cpp in Sources */ = {isa = PBXBuildFile; fileRef = A7DA7B581578772C003E00C6 /* NetworkingUtils.cpp */; };
		A7DA7B7A1578772C003E00C6 /* UdpSocket.cpp in Sources */ = {isa = PBXBuildFile; fileRef = A7DA7B591578772C003E00C6 /* UdpSocket.cpp */; };
		A7DA7B7B1578772C003E00C6 /* NetworkingUtilsWin.cpp in Sources */ = {isa = PBXBuildFile; fileRef = A7DA7B5D1578772C003E00C6 /* NetworkingUtilsWin.cpp */; };
		A7DA7B7C1578772C003E00C6 /* UdpSocketWin.cpp in Sources */ = {isa = PBXBuildFile; fileRef = A7DA7B5E1578772C003E00C6 /* UdpSocketWin.cpp */; };
		A7DA7B7D1578772C003E00C6 /* OscOutboundPacketStream.cpp in Sources */ = {isa = PBXBuildFile; fileRef = A7DA7B631578772C003E00C6 /* OscOutboundPacketStream.cpp */; };
		A7DA7B7E1578772C003E00C6 /* OscPrintReceivedElements.cpp in Sources */ = {isa = PBXBuildFile; fileRef = A7DA7B661578772C003E00C6 /* OscPrintReceivedElements.cpp */; };
		A7DA7B7F1578772C003E00C6 /* OscReceivedElements.cpp in Sources */ = {isa = PBXBuildFile; fileRef = A7DA7B681578772C003E00C6 /* OscReceivedElements.cpp */; };
		A7DA7B801578772C003E00C6 /* OscTypes.cpp in Sources */ = {isa = PBXBuildFile; fileRef = A7DA7B6A1578772C003E00C6 /* OscTypes.cpp */; };
		A7DA7B811578772C003E00C6 /* ofxOscBundle.cpp in Sources */ = {isa = PBXBuildFile; fileRef = A7DA7B6F1578772C003E00C6 /* ofxOscBundle.cpp */; };
		A7DA7B821578772C003E00C6 /* ofxOscMessage.cpp in Sources */ = {isa = PBXBuildFile; fileRef = A7DA7B711578772C003E00C6 /* ofxOscMessage.cpp */; };
		A7DA7B831578772C003E00C6 /* ofxOscReceiver.cpp in Sources */ = {isa = PBXBuildFile; fileRef = A7DA7B731578772C003E00C6 /* ofxOscReceiver.cpp */; };
		A7DA7B841578772C003E00C6 /* ofxOscSender.cpp in Sources */ = {isa = PBXBuildFile; fileRef = A7DA7B751578772C003E00C6 /* ofxOscSender.cpp */; };
		BB16EBD20F2B2A9500518274 /* OpenGLES.framework in Frameworks */ = {isa = PBXBuildFile; fileRef = BB16EBD10F2B2A9500518274 /* OpenGLES.framework */; };
		BB16EBD90F2B2AB500518274 /* QuartzCore.framework in Frameworks */ = {isa = PBXBuildFile; fileRef = BB16EBD80F2B2AB500518274 /* QuartzCore.framework */; };
		BB24DD8F10DA77E000E9C588 /* Default.png in Resources */ = {isa = PBXBuildFile; fileRef = BB24DD8C10DA77E000E9C588 /* Default.png */; };
		BB24DD9010DA77E000E9C588 /* Icon.png in Resources */ = {isa = PBXBuildFile; fileRef = BB24DD8D10DA77E000E9C588 /* Icon.png */; };
		BB24DDCA10DA781C00E9C588 /* ofxiphone-Info.plist in Resources */ = {isa = PBXBuildFile; fileRef = BB24DDC910DA781C00E9C588 /* ofxiphone-Info.plist */; };
		BBE5EAB80F49AD8400F28951 /* AudioToolbox.framework in Frameworks */ = {isa = PBXBuildFile; fileRef = BBE5EAB70F49AD8400F28951 /* AudioToolbox.framework */; };
		E41D3ED713B38FB500A75A5D /* Project.xcconfig in Resources */ = {isa = PBXBuildFile; fileRef = E41D3ED613B38FB500A75A5D /* Project.xcconfig */; };
		E41D3EE613B3906D00A75A5D /* CoreOF.xcconfig in Resources */ = {isa = PBXBuildFile; fileRef = E41D3EE513B3906D00A75A5D /* CoreOF.xcconfig */; };
		E41D400B13B39D2100A75A5D /* AVFoundation.framework in Frameworks */ = {isa = PBXBuildFile; fileRef = E41D400613B39D2100A75A5D /* AVFoundation.framework */; };
		E41D400C13B39D2100A75A5D /* CoreMedia.framework in Frameworks */ = {isa = PBXBuildFile; fileRef = E41D400713B39D2100A75A5D /* CoreMedia.framework */; };
		E41D400D13B39D2100A75A5D /* CoreVideo.framework in Frameworks */ = {isa = PBXBuildFile; fileRef = E41D400813B39D2100A75A5D /* CoreVideo.framework */; };
		E41D400E13B39D2100A75A5D /* MapKit.framework in Frameworks */ = {isa = PBXBuildFile; fileRef = E41D400913B39D2100A75A5D /* MapKit.framework */; };
		E41D421413B3A95300A75A5D /* libofxiPhone_iphoneos_Debug.a in Frameworks */ = {isa = PBXBuildFile; fileRef = E41D410213B3A0D800A75A5D /* libofxiPhone_iphoneos_Debug.a */; };
		E4A823A412561BE3002F86A2 /* CoreGraphics.framework in Frameworks */ = {isa = PBXBuildFile; fileRef = E4A823A312561BE3002F86A2 /* CoreGraphics.framework */; };
		E4D8936E11527B74007E1F53 /* main.mm in Sources */ = {isa = PBXBuildFile; fileRef = E4D8936B11527B74007E1F53 /* main.mm */; };
		E4D8936F11527B74007E1F53 /* testApp.mm in Sources */ = {isa = PBXBuildFile; fileRef = E4D8936D11527B74007E1F53 /* testApp.mm */; };
/* End PBXBuildFile section */

/* Begin PBXContainerItemProxy section */
		E41D410113B3A0D800A75A5D /* PBXContainerItemProxy */ = {
			isa = PBXContainerItemProxy;
			containerPortal = E41D40FD13B3A0D800A75A5D /* iOS+OFLib.xcodeproj */;
			proxyType = 2;
			remoteGlobalIDString = BB24DED610DA7A3F00E9C588;
			remoteInfo = "iPhone+OF Static Library";
		};
		E41D410313B3A11300A75A5D /* PBXContainerItemProxy */ = {
			isa = PBXContainerItemProxy;
			containerPortal = E41D40FD13B3A0D800A75A5D /* iOS+OFLib.xcodeproj */;
			proxyType = 1;
			remoteGlobalIDString = BB24DE5C10DA7A3F00E9C588;
			remoteInfo = "iPhone+OF Static Library";
		};
/* End PBXContainerItemProxy section */

/* Begin PBXFileReference section */
		1D30AB110D05D00D00671497 /* Foundation.framework */ = {isa = PBXFileReference; lastKnownFileType = wrapper.framework; name = Foundation.framework; path = System/Library/Frameworks/Foundation.framework; sourceTree = SDKROOT; };
		1D6058910D05DD3D006BFB54 /* ofxTouchGUI.app */ = {isa = PBXFileReference; explicitFileType = wrapper.application; includeInIndex = 0; path = ofxTouchGUI.app; sourceTree = BUILT_PRODUCTS_DIR; };
		1DF5F4DF0D08C38300B7A737 /* UIKit.framework */ = {isa = PBXFileReference; lastKnownFileType = wrapper.framework; name = UIKit.framework; path = System/Library/Frameworks/UIKit.framework; sourceTree = SDKROOT; };
		288765FC0DF74451002DB57D /* CoreGraphics.framework */ = {isa = PBXFileReference; lastKnownFileType = wrapper.framework; name = CoreGraphics.framework; path = System/Library/Frameworks/CoreGraphics.framework; sourceTree = SDKROOT; };
		32CA4F630368D1EE00C91783 /* iPhone_Prefix.pch */ = {isa = PBXFileReference; fileEncoding = 4; lastKnownFileType = sourcecode.c.h; path = iPhone_Prefix.pch; sourceTree = "<group>"; };
		5326AEA710A23A0500278DE6 /* CoreLocation.framework */ = {isa = PBXFileReference; lastKnownFileType = wrapper.framework; name = CoreLocation.framework; path = System/Library/Frameworks/CoreLocation.framework; sourceTree = SDKROOT; };
		53F323EA10A20EDB00E0DAE4 /* OpenAL.framework */ = {isa = PBXFileReference; lastKnownFileType = wrapper.framework; name = OpenAL.framework; path = System/Library/Frameworks/OpenAL.framework; sourceTree = SDKROOT; };
		A70F7831159C26ED003B8B9A /* ofxTouchGUI.h */ = {isa = PBXFileReference; fileEncoding = 4; lastKnownFileType = sourcecode.c.h; path = ofxTouchGUI.h; sourceTree = "<group>"; };
		A70F7832159C26ED003B8B9A /* ofxTouchGUI.mm */ = {isa = PBXFileReference; fileEncoding = 4; lastKnownFileType = sourcecode.cpp.objcpp; path = ofxTouchGUI.mm; sourceTree = "<group>"; };
		A70F7833159C26ED003B8B9A /* ofxTouchGUIBase.h */ = {isa = PBXFileReference; fileEncoding = 4; lastKnownFileType = sourcecode.c.h; path = ofxTouchGUIBase.h; sourceTree = "<group>"; };
		A70F7834159C26ED003B8B9A /* ofxTouchGUIBase.mm */ = {isa = PBXFileReference; fileEncoding = 4; lastKnownFileType = sourcecode.cpp.objcpp; path = ofxTouchGUIBase.mm; sourceTree = "<group>"; };
		A70F7835159C26ED003B8B9A /* ofxTouchGUIButton.h */ = {isa = PBXFileReference; fileEncoding = 4; lastKnownFileType = sourcecode.c.h; path = ofxTouchGUIButton.h; sourceTree = "<group>"; };
		A70F7836159C26ED003B8B9A /* ofxTouchGUIButton.mm */ = {isa = PBXFileReference; fileEncoding = 4; lastKnownFileType = sourcecode.cpp.objcpp; path = ofxTouchGUIButton.mm; sourceTree = "<group>"; };
		A70F7837159C26ED003B8B9A /* ofxTouchGUIDropDown.h */ = {isa = PBXFileReference; fileEncoding = 4; lastKnownFileType = sourcecode.c.h; path = ofxTouchGUIDropDown.h; sourceTree = "<group>"; };
		A70F7838159C26ED003B8B9A /* ofxTouchGUIDropDown.mm */ = {isa = PBXFileReference; fileEncoding = 4; lastKnownFileType = sourcecode.cpp.objcpp; path = ofxTouchGUIDropDown.mm; sourceTree = "<group>"; };
		A70F7839159C26ED003B8B9A /* ofxTouchGUISlider.h */ = {isa = PBXFileReference; fileEncoding = 4; lastKnownFileType = sourcecode.c.h; path = ofxTouchGUISlider.h; sourceTree = "<group>"; };
		A70F783A159C26ED003B8B9A /* ofxTouchGUISlider.mm */ = {isa = PBXFileReference; fileEncoding = 4; lastKnownFileType = sourcecode.cpp.objcpp; path = ofxTouchGUISlider.mm; sourceTree = "<group>"; };
		A70F783B159C26ED003B8B9A /* ofxTouchGUIText.h */ = {isa = PBXFileReference; fileEncoding = 4; lastKnownFileType = sourcecode.c.h; path = ofxTouchGUIText.h; sourceTree = "<group>"; };
		A70F783C159C26ED003B8B9A /* ofxTouchGUIText.mm */ = {isa = PBXFileReference; fileEncoding = 4; lastKnownFileType = sourcecode.cpp.objcpp; path = ofxTouchGUIText.mm; sourceTree = "<group>"; };
		A70F783D159C26ED003B8B9A /* ofxTouchGUITextInput.h */ = {isa = PBXFileReference; fileEncoding = 4; lastKnownFileType = sourcecode.c.h; path = ofxTouchGUITextInput.h; sourceTree = "<group>"; };
		A70F783E159C26ED003B8B9A /* ofxTouchGUITextInput.mm */ = {isa = PBXFileReference; fileEncoding = 4; lastKnownFileType = sourcecode.cpp.objcpp; path = ofxTouchGUITextInput.mm; sourceTree = "<group>"; };
		A70F783F159C26ED003B8B9A /* ofxTouchGUIToggleButton.h */ = {isa = PBXFileReference; fileEncoding = 4; lastKnownFileType = sourcecode.c.h; path = ofxTouchGUIToggleButton.h; sourceTree = "<group>"; };
		A70F7840159C26ED003B8B9A /* ofxTouchGUIToggleButton.mm */ = {isa = PBXFileReference; fileEncoding = 4; lastKnownFileType = sourcecode.cpp.objcpp; path = ofxTouchGUIToggleButton.mm; sourceTree = "<group>"; };
		A7A942731578551100B3F023 /* tinyxml.cpp */ = {isa = PBXFileReference; fileEncoding = 4; lastKnownFileType = sourcecode.cpp.cpp; path = tinyxml.cpp; sourceTree = "<group>"; };
		A7A942741578551100B3F023 /* tinyxml.h */ = {isa = PBXFileReference; fileEncoding = 4; lastKnownFileType = sourcecode.c.h; path = tinyxml.h; sourceTree = "<group>"; };
		A7A942751578551100B3F023 /* tinyxmlerror.cpp */ = {isa = PBXFileReference; fileEncoding = 4; lastKnownFileType = sourcecode.cpp.cpp; path = tinyxmlerror.cpp; sourceTree = "<group>"; };
		A7A942761578551100B3F023 /* tinyxmlparser.cpp */ = {isa = PBXFileReference; fileEncoding = 4; lastKnownFileType = sourcecode.cpp.cpp; path = tinyxmlparser.cpp; sourceTree = "<group>"; };
		A7A942781578551100B3F023 /* ofxXmlSettings.cpp */ = {isa = PBXFileReference; fileEncoding = 4; lastKnownFileType = sourcecode.cpp.cpp; path = ofxXmlSettings.cpp; sourceTree = "<group>"; };
		A7A942791578551100B3F023 /* ofxXmlSettings.h */ = {isa = PBXFileReference; fileEncoding = 4; lastKnownFileType = sourcecode.c.h; path = ofxXmlSettings.h; sourceTree = "<group>"; };
		A7DA7B4E1578772C003E00C6 /* install.xml */ = {isa = PBXFileReference; fileEncoding = 4; lastKnownFileType = text.xml; path = install.xml; sourceTree = "<group>"; };
		A7DA7B531578772C003E00C6 /* IpEndpointName.cpp */ = {isa = PBXFileReference; fileEncoding = 4; lastKnownFileType = sourcecode.cpp.cpp; path = IpEndpointName.cpp; sourceTree = "<group>"; };
		A7DA7B541578772C003E00C6 /* IpEndpointName.h */ = {isa = PBXFileReference; fileEncoding = 4; lastKnownFileType = sourcecode.c.h; path = IpEndpointName.h; sourceTree = "<group>"; };
		A7DA7B551578772C003E00C6 /* NetworkingUtils.h */ = {isa = PBXFileReference; fileEncoding = 4; lastKnownFileType = sourcecode.c.h; path = NetworkingUtils.h; sourceTree = "<group>"; };
		A7DA7B561578772C003E00C6 /* PacketListener.h */ = {isa = PBXFileReference; fileEncoding = 4; lastKnownFileType = sourcecode.c.h; path = PacketListener.h; sourceTree = "<group>"; };
		A7DA7B581578772C003E00C6 /* NetworkingUtils.cpp */ = {isa = PBXFileReference; fileEncoding = 4; lastKnownFileType = sourcecode.cpp.cpp; path = NetworkingUtils.cpp; sourceTree = "<group>"; };
		A7DA7B591578772C003E00C6 /* UdpSocket.cpp */ = {isa = PBXFileReference; fileEncoding = 4; lastKnownFileType = sourcecode.cpp.cpp; path = UdpSocket.cpp; sourceTree = "<group>"; };
		A7DA7B5A1578772C003E00C6 /* TimerListener.h */ = {isa = PBXFileReference; fileEncoding = 4; lastKnownFileType = sourcecode.c.h; path = TimerListener.h; sourceTree = "<group>"; };
		A7DA7B5B1578772C003E00C6 /* UdpSocket.h */ = {isa = PBXFileReference; fileEncoding = 4; lastKnownFileType = sourcecode.c.h; path = UdpSocket.h; sourceTree = "<group>"; };
		A7DA7B5D1578772C003E00C6 /* NetworkingUtilsWin.cpp */ = {isa = PBXFileReference; fileEncoding = 4; lastKnownFileType = sourcecode.cpp.cpp; path = NetworkingUtilsWin.cpp; sourceTree = "<group>"; };
		A7DA7B5E1578772C003E00C6 /* UdpSocketWin.cpp */ = {isa = PBXFileReference; fileEncoding = 4; lastKnownFileType = sourcecode.cpp.cpp; path = UdpSocketWin.cpp; sourceTree = "<group>"; };
		A7DA7B601578772C003E00C6 /* MessageMappingOscPacketListener.h */ = {isa = PBXFileReference; fileEncoding = 4; lastKnownFileType = sourcecode.c.h; path = MessageMappingOscPacketListener.h; sourceTree = "<group>"; };
		A7DA7B611578772C003E00C6 /* OscException.h */ = {isa = PBXFileReference; fileEncoding = 4; lastKnownFileType = sourcecode.c.h; path = OscException.h; sourceTree = "<group>"; };
		A7DA7B621578772C003E00C6 /* OscHostEndianness.h */ = {isa = PBXFileReference; fileEncoding = 4; lastKnownFileType = sourcecode.c.h; path = OscHostEndianness.h; sourceTree = "<group>"; };
		A7DA7B631578772C003E00C6 /* OscOutboundPacketStream.cpp */ = {isa = PBXFileReference; fileEncoding = 4; lastKnownFileType = sourcecode.cpp.cpp; path = OscOutboundPacketStream.cpp; sourceTree = "<group>"; };
		A7DA7B641578772C003E00C6 /* OscOutboundPacketStream.h */ = {isa = PBXFileReference; fileEncoding = 4; lastKnownFileType = sourcecode.c.h; path = OscOutboundPacketStream.h; sourceTree = "<group>"; };
		A7DA7B651578772C003E00C6 /* OscPacketListener.h */ = {isa = PBXFileReference; fileEncoding = 4; lastKnownFileType = sourcecode.c.h; path = OscPacketListener.h; sourceTree = "<group>"; };
		A7DA7B661578772C003E00C6 /* OscPrintReceivedElements.cpp */ = {isa = PBXFileReference; fileEncoding = 4; lastKnownFileType = sourcecode.cpp.cpp; path = OscPrintReceivedElements.cpp; sourceTree = "<group>"; };
		A7DA7B671578772C003E00C6 /* OscPrintReceivedElements.h */ = {isa = PBXFileReference; fileEncoding = 4; lastKnownFileType = sourcecode.c.h; path = OscPrintReceivedElements.h; sourceTree = "<group>"; };
		A7DA7B681578772C003E00C6 /* OscReceivedElements.cpp */ = {isa = PBXFileReference; fileEncoding = 4; lastKnownFileType = sourcecode.cpp.cpp; path = OscReceivedElements.cpp; sourceTree = "<group>"; };
		A7DA7B691578772C003E00C6 /* OscReceivedElements.h */ = {isa = PBXFileReference; fileEncoding = 4; lastKnownFileType = sourcecode.c.h; path = OscReceivedElements.h; sourceTree = "<group>"; };
		A7DA7B6A1578772C003E00C6 /* OscTypes.cpp */ = {isa = PBXFileReference; fileEncoding = 4; lastKnownFileType = sourcecode.cpp.cpp; path = OscTypes.cpp; sourceTree = "<group>"; };
		A7DA7B6B1578772C003E00C6 /* OscTypes.h */ = {isa = PBXFileReference; fileEncoding = 4; lastKnownFileType = sourcecode.c.h; path = OscTypes.h; sourceTree = "<group>"; };
		A7DA7B6D1578772C003E00C6 /* ofxOsc.h */ = {isa = PBXFileReference; fileEncoding = 4; lastKnownFileType = sourcecode.c.h; path = ofxOsc.h; sourceTree = "<group>"; };
		A7DA7B6E1578772C003E00C6 /* ofxOscArg.h */ = {isa = PBXFileReference; fileEncoding = 4; lastKnownFileType = sourcecode.c.h; path = ofxOscArg.h; sourceTree = "<group>"; };
		A7DA7B6F1578772C003E00C6 /* ofxOscBundle.cpp */ = {isa = PBXFileReference; fileEncoding = 4; lastKnownFileType = sourcecode.cpp.cpp; path = ofxOscBundle.cpp; sourceTree = "<group>"; };
		A7DA7B701578772C003E00C6 /* ofxOscBundle.h */ = {isa = PBXFileReference; fileEncoding = 4; lastKnownFileType = sourcecode.c.h; path = ofxOscBundle.h; sourceTree = "<group>"; };
		A7DA7B711578772C003E00C6 /* ofxOscMessage.cpp */ = {isa = PBXFileReference; fileEncoding = 4; lastKnownFileType = sourcecode.cpp.cpp; path = ofxOscMessage.cpp; sourceTree = "<group>"; };
		A7DA7B721578772C003E00C6 /* ofxOscMessage.h */ = {isa = PBXFileReference; fileEncoding = 4; lastKnownFileType = sourcecode.c.h; path = ofxOscMessage.h; sourceTree = "<group>"; };
		A7DA7B731578772C003E00C6 /* ofxOscReceiver.cpp */ = {isa = PBXFileReference; fileEncoding = 4; lastKnownFileType = sourcecode.cpp.cpp; path = ofxOscReceiver.cpp; sourceTree = "<group>"; };
		A7DA7B741578772C003E00C6 /* ofxOscReceiver.h */ = {isa = PBXFileReference; fileEncoding = 4; lastKnownFileType = sourcecode.c.h; path = ofxOscReceiver.h; sourceTree = "<group>"; };
		A7DA7B751578772C003E00C6 /* ofxOscSender.cpp */ = {isa = PBXFileReference; fileEncoding = 4; lastKnownFileType = sourcecode.cpp.cpp; path = ofxOscSender.cpp; sourceTree = "<group>"; };
		A7DA7B761578772C003E00C6 /* ofxOscSender.h */ = {isa = PBXFileReference; fileEncoding = 4; lastKnownFileType = sourcecode.c.h; path = ofxOscSender.h; sourceTree = "<group>"; };
		BB16EBD10F2B2A9500518274 /* OpenGLES.framework */ = {isa = PBXFileReference; lastKnownFileType = wrapper.framework; name = OpenGLES.framework; path = System/Library/Frameworks/OpenGLES.framework; sourceTree = SDKROOT; };
		BB16EBD80F2B2AB500518274 /* QuartzCore.framework */ = {isa = PBXFileReference; lastKnownFileType = wrapper.framework; name = QuartzCore.framework; path = System/Library/Frameworks/QuartzCore.framework; sourceTree = SDKROOT; };
		BB24DD8C10DA77E000E9C588 /* Default.png */ = {isa = PBXFileReference; lastKnownFileType = image.png; path = Default.png; sourceTree = "<group>"; };
		BB24DD8D10DA77E000E9C588 /* Icon.png */ = {isa = PBXFileReference; lastKnownFileType = image.png; path = Icon.png; sourceTree = "<group>"; };
		BB24DDC910DA781C00E9C588 /* ofxiphone-Info.plist */ = {isa = PBXFileReference; fileEncoding = 4; lastKnownFileType = text.plist.xml; path = "ofxiphone-Info.plist"; sourceTree = "<group>"; };
		BBE5EAB70F49AD8400F28951 /* AudioToolbox.framework */ = {isa = PBXFileReference; lastKnownFileType = wrapper.framework; name = AudioToolbox.framework; path = System/Library/Frameworks/AudioToolbox.framework; sourceTree = SDKROOT; };
		E41D3ED613B38FB500A75A5D /* Project.xcconfig */ = {isa = PBXFileReference; fileEncoding = 4; lastKnownFileType = text.xcconfig; path = Project.xcconfig; sourceTree = "<group>"; };
		E41D3EE513B3906D00A75A5D /* CoreOF.xcconfig */ = {isa = PBXFileReference; fileEncoding = 4; lastKnownFileType = text.xcconfig; name = CoreOF.xcconfig; path = ../../../libs/openFrameworksCompiled/project/ios/CoreOF.xcconfig; sourceTree = SOURCE_ROOT; };
		E41D400613B39D2100A75A5D /* AVFoundation.framework */ = {isa = PBXFileReference; lastKnownFileType = wrapper.framework; name = AVFoundation.framework; path = System/Library/Frameworks/AVFoundation.framework; sourceTree = SDKROOT; };
		E41D400713B39D2100A75A5D /* CoreMedia.framework */ = {isa = PBXFileReference; lastKnownFileType = wrapper.framework; name = CoreMedia.framework; path = System/Library/Frameworks/CoreMedia.framework; sourceTree = SDKROOT; };
		E41D400813B39D2100A75A5D /* CoreVideo.framework */ = {isa = PBXFileReference; lastKnownFileType = wrapper.framework; name = CoreVideo.framework; path = System/Library/Frameworks/CoreVideo.framework; sourceTree = SDKROOT; };
		E41D400913B39D2100A75A5D /* MapKit.framework */ = {isa = PBXFileReference; lastKnownFileType = wrapper.framework; name = MapKit.framework; path = System/Library/Frameworks/MapKit.framework; sourceTree = SDKROOT; };
		E41D40FD13B3A0D800A75A5D /* iOS+OFLib.xcodeproj */ = {isa = PBXFileReference; lastKnownFileType = "wrapper.pb-project"; name = "iOS+OFLib.xcodeproj"; path = "../../../libs/openFrameworksCompiled/project/ios/iOS+OFLib.xcodeproj"; sourceTree = SOURCE_ROOT; };
		E4A823A312561BE3002F86A2 /* CoreGraphics.framework */ = {isa = PBXFileReference; lastKnownFileType = wrapper.framework; name = CoreGraphics.framework; path = System/Library/Frameworks/CoreGraphics.framework; sourceTree = SDKROOT; };
		E4D8936B11527B74007E1F53 /* main.mm */ = {isa = PBXFileReference; fileEncoding = 4; lastKnownFileType = sourcecode.cpp.objcpp; name = main.mm; path = src/main.mm; sourceTree = SOURCE_ROOT; };
		E4D8936C11527B74007E1F53 /* testApp.h */ = {isa = PBXFileReference; fileEncoding = 4; lastKnownFileType = sourcecode.c.h; name = testApp.h; path = src/testApp.h; sourceTree = SOURCE_ROOT; };
		E4D8936D11527B74007E1F53 /* testApp.mm */ = {isa = PBXFileReference; fileEncoding = 4; lastKnownFileType = sourcecode.cpp.objcpp; name = testApp.mm; path = src/testApp.mm; sourceTree = SOURCE_ROOT; };
/* End PBXFileReference section */

/* Begin PBXFrameworksBuildPhase section */
		1D60588F0D05DD3D006BFB54 /* Frameworks */ = {
			isa = PBXFrameworksBuildPhase;
			buildActionMask = 2147483647;
			files = (
				E41D421413B3A95300A75A5D /* libofxiPhone_iphoneos_Debug.a in Frameworks */,
				1D60589F0D05DD5A006BFB54 /* Foundation.framework in Frameworks */,
				1DF5F4E00D08C38300B7A737 /* UIKit.framework in Frameworks */,
				288765FD0DF74451002DB57D /* CoreGraphics.framework in Frameworks */,
				BB16EBD20F2B2A9500518274 /* OpenGLES.framework in Frameworks */,
				BB16EBD90F2B2AB500518274 /* QuartzCore.framework in Frameworks */,
				BBE5EAB80F49AD8400F28951 /* AudioToolbox.framework in Frameworks */,
				53F323EB10A20EDB00E0DAE4 /* OpenAL.framework in Frameworks */,
				5326AEA810A23A0500278DE6 /* CoreLocation.framework in Frameworks */,
				E4A823A412561BE3002F86A2 /* CoreGraphics.framework in Frameworks */,
				E41D400B13B39D2100A75A5D /* AVFoundation.framework in Frameworks */,
				E41D400C13B39D2100A75A5D /* CoreMedia.framework in Frameworks */,
				E41D400D13B39D2100A75A5D /* CoreVideo.framework in Frameworks */,
				E41D400E13B39D2100A75A5D /* MapKit.framework in Frameworks */,
			);
			runOnlyForDeploymentPostprocessing = 0;
		};
/* End PBXFrameworksBuildPhase section */

/* Begin PBXGroup section */
		19C28FACFE9D520D11CA2CBB /* Products */ = {
			isa = PBXGroup;
			children = (
				1D6058910D05DD3D006BFB54 /* ofxTouchGUI.app */,
			);
			name = Products;
			sourceTree = "<group>";
		};
		29B97314FDCFA39411CA2CEA /* CustomTemplate */ = {
			isa = PBXGroup;
			children = (
				E4D8936A11527B74007E1F53 /* src */,
				BB24DD8B10DA77E000E9C588 /* data */,
				BB24E1F710DAA51900E9C588 /* openFrameworks */,
				BB16F26B0F2B646B00518274 /* addons */,
				BB16E9930F2B1E5900518274 /* libs */,
				19C28FACFE9D520D11CA2CBB /* Products */,
			);
			name = CustomTemplate;
			sourceTree = "<group>";
		};
		29B97323FDCFA39411CA2CEA /* core frameworks */ = {
			isa = PBXGroup;
			children = (
				E41D400613B39D2100A75A5D /* AVFoundation.framework */,
				E41D400713B39D2100A75A5D /* CoreMedia.framework */,
				E41D400813B39D2100A75A5D /* CoreVideo.framework */,
				E41D400913B39D2100A75A5D /* MapKit.framework */,
				53F323EA10A20EDB00E0DAE4 /* OpenAL.framework */,
				E4A823A312561BE3002F86A2 /* CoreGraphics.framework */,
				BBE5EAB70F49AD8400F28951 /* AudioToolbox.framework */,
				BB16EBD80F2B2AB500518274 /* QuartzCore.framework */,
				BB16EBD10F2B2A9500518274 /* OpenGLES.framework */,
				1DF5F4DF0D08C38300B7A737 /* UIKit.framework */,
				1D30AB110D05D00D00671497 /* Foundation.framework */,
				288765FC0DF74451002DB57D /* CoreGraphics.framework */,
				5326AEA710A23A0500278DE6 /* CoreLocation.framework */,
			);
			name = "core frameworks";
			sourceTree = "<group>";
		};
		A70F782F159C26ED003B8B9A /* ofxTouchGUI */ = {
			isa = PBXGroup;
			children = (
				A70F7830159C26ED003B8B9A /* src */,
			);
			name = ofxTouchGUI;
			path = ../../../addons/ofxTouchGUI;
			sourceTree = "<group>";
		};
		A70F7830159C26ED003B8B9A /* src */ = {
			isa = PBXGroup;
			children = (
				A70F7831159C26ED003B8B9A /* ofxTouchGUI.h */,
				A70F7832159C26ED003B8B9A /* ofxTouchGUI.mm */,
				A70F7833159C26ED003B8B9A /* ofxTouchGUIBase.h */,
				A70F7834159C26ED003B8B9A /* ofxTouchGUIBase.mm */,
				A70F7835159C26ED003B8B9A /* ofxTouchGUIButton.h */,
				A70F7836159C26ED003B8B9A /* ofxTouchGUIButton.mm */,
				A70F7837159C26ED003B8B9A /* ofxTouchGUIDropDown.h */,
				A70F7838159C26ED003B8B9A /* ofxTouchGUIDropDown.mm */,
				A70F7839159C26ED003B8B9A /* ofxTouchGUISlider.h */,
				A70F783A159C26ED003B8B9A /* ofxTouchGUISlider.mm */,
				A70F783B159C26ED003B8B9A /* ofxTouchGUIText.h */,
				A70F783C159C26ED003B8B9A /* ofxTouchGUIText.mm */,
				A70F783D159C26ED003B8B9A /* ofxTouchGUITextInput.h */,
				A70F783E159C26ED003B8B9A /* ofxTouchGUITextInput.mm */,
				A70F783F159C26ED003B8B9A /* ofxTouchGUIToggleButton.h */,
				A70F7840159C26ED003B8B9A /* ofxTouchGUIToggleButton.mm */,
			);
			path = src;
			sourceTree = "<group>";
		};
		A7A942711578551100B3F023 /* ofxXmlSettings */ = {
			isa = PBXGroup;
			children = (
				A7A942721578551100B3F023 /* libs */,
				A7A942771578551100B3F023 /* src */,
			);
			name = ofxXmlSettings;
			path = ../../../addons/ofxXmlSettings;
			sourceTree = "<group>";
		};
		A7A942721578551100B3F023 /* libs */ = {
			isa = PBXGroup;
			children = (
				A7A942731578551100B3F023 /* tinyxml.cpp */,
				A7A942741578551100B3F023 /* tinyxml.h */,
				A7A942751578551100B3F023 /* tinyxmlerror.cpp */,
				A7A942761578551100B3F023 /* tinyxmlparser.cpp */,
			);
			path = libs;
			sourceTree = "<group>";
		};
		A7A942771578551100B3F023 /* src */ = {
			isa = PBXGroup;
			children = (
				A7A942781578551100B3F023 /* ofxXmlSettings.cpp */,
				A7A942791578551100B3F023 /* ofxXmlSettings.h */,
			);
			path = src;
			sourceTree = "<group>";
		};
		A7DA7B4D1578772B003E00C6 /* ofxOsc */ = {
			isa = PBXGroup;
			children = (
				A7DA7B4E1578772C003E00C6 /* install.xml */,
				A7DA7B4F1578772C003E00C6 /* libs */,
				A7DA7B6C1578772C003E00C6 /* src */,
			);
			name = ofxOsc;
			path = ../../../addons/ofxOsc;
			sourceTree = "<group>";
		};
		A7DA7B4F1578772C003E00C6 /* libs */ = {
			isa = PBXGroup;
			children = (
				A7DA7B501578772C003E00C6 /* oscpack */,
			);
			path = libs;
			sourceTree = "<group>";
		};
		A7DA7B501578772C003E00C6 /* oscpack */ = {
			isa = PBXGroup;
			children = (
				A7DA7B511578772C003E00C6 /* src */,
			);
			path = oscpack;
			sourceTree = "<group>";
		};
		A7DA7B511578772C003E00C6 /* src */ = {
			isa = PBXGroup;
			children = (
				A7DA7B521578772C003E00C6 /* ip */,
				A7DA7B5F1578772C003E00C6 /* osc */,
			);
			path = src;
			sourceTree = "<group>";
		};
		A7DA7B521578772C003E00C6 /* ip */ = {
			isa = PBXGroup;
			children = (
				A7DA7B531578772C003E00C6 /* IpEndpointName.cpp */,
				A7DA7B541578772C003E00C6 /* IpEndpointName.h */,
				A7DA7B551578772C003E00C6 /* NetworkingUtils.h */,
				A7DA7B561578772C003E00C6 /* PacketListener.h */,
				A7DA7B571578772C003E00C6 /* posix */,
				A7DA7B5A1578772C003E00C6 /* TimerListener.h */,
				A7DA7B5B1578772C003E00C6 /* UdpSocket.h */,
				A7DA7B5C1578772C003E00C6 /* win32 */,
			);
			path = ip;
			sourceTree = "<group>";
		};
		A7DA7B571578772C003E00C6 /* posix */ = {
			isa = PBXGroup;
			children = (
				A7DA7B581578772C003E00C6 /* NetworkingUtils.cpp */,
				A7DA7B591578772C003E00C6 /* UdpSocket.cpp */,
			);
			path = posix;
			sourceTree = "<group>";
		};
		A7DA7B5C1578772C003E00C6 /* win32 */ = {
			isa = PBXGroup;
			children = (
				A7DA7B5D1578772C003E00C6 /* NetworkingUtilsWin.cpp */,
				A7DA7B5E1578772C003E00C6 /* UdpSocketWin.cpp */,
			);
			path = win32;
			sourceTree = "<group>";
		};
		A7DA7B5F1578772C003E00C6 /* osc */ = {
			isa = PBXGroup;
			children = (
				A7DA7B601578772C003E00C6 /* MessageMappingOscPacketListener.h */,
				A7DA7B611578772C003E00C6 /* OscException.h */,
				A7DA7B621578772C003E00C6 /* OscHostEndianness.h */,
				A7DA7B631578772C003E00C6 /* OscOutboundPacketStream.cpp */,
				A7DA7B641578772C003E00C6 /* OscOutboundPacketStream.h */,
				A7DA7B651578772C003E00C6 /* OscPacketListener.h */,
				A7DA7B661578772C003E00C6 /* OscPrintReceivedElements.cpp */,
				A7DA7B671578772C003E00C6 /* OscPrintReceivedElements.h */,
				A7DA7B681578772C003E00C6 /* OscReceivedElements.cpp */,
				A7DA7B691578772C003E00C6 /* OscReceivedElements.h */,
				A7DA7B6A1578772C003E00C6 /* OscTypes.cpp */,
				A7DA7B6B1578772C003E00C6 /* OscTypes.h */,
			);
			path = osc;
			sourceTree = "<group>";
		};
		A7DA7B6C1578772C003E00C6 /* src */ = {
			isa = PBXGroup;
			children = (
				A7DA7B6D1578772C003E00C6 /* ofxOsc.h */,
				A7DA7B6E1578772C003E00C6 /* ofxOscArg.h */,
				A7DA7B6F1578772C003E00C6 /* ofxOscBundle.cpp */,
				A7DA7B701578772C003E00C6 /* ofxOscBundle.h */,
				A7DA7B711578772C003E00C6 /* ofxOscMessage.cpp */,
				A7DA7B721578772C003E00C6 /* ofxOscMessage.h */,
				A7DA7B731578772C003E00C6 /* ofxOscReceiver.cpp */,
				A7DA7B741578772C003E00C6 /* ofxOscReceiver.h */,
				A7DA7B751578772C003E00C6 /* ofxOscSender.cpp */,
				A7DA7B761578772C003E00C6 /* ofxOscSender.h */,
			);
			path = src;
			sourceTree = "<group>";
		};
		BB16E9930F2B1E5900518274 /* libs */ = {
			isa = PBXGroup;
			children = (
				BBE5E94E0F497BD800F28951 /* core */,
			);
			name = libs;
			sourceTree = "<group>";
		};
		BB16F26B0F2B646B00518274 /* addons */ = {
			isa = PBXGroup;
			children = (
				A70F782F159C26ED003B8B9A /* ofxTouchGUI */,
				A7DA7B4D1578772B003E00C6 /* ofxOsc */,
				A7A942711578551100B3F023 /* ofxXmlSettings */,
			);
			name = addons;
			sourceTree = "<group>";
		};
		BB24DD8B10DA77E000E9C588 /* data */ = {
			isa = PBXGroup;
			children = (
				BB24DD8C10DA77E000E9C588 /* Default.png */,
				BB24DD8D10DA77E000E9C588 /* Icon.png */,
			);
			name = data;
			path = bin/data;
			sourceTree = "<group>";
		};
		BB24E1F710DAA51900E9C588 /* openFrameworks */ = {
			isa = PBXGroup;
			children = (
				E41D40FD13B3A0D800A75A5D /* iOS+OFLib.xcodeproj */,
				32CA4F630368D1EE00C91783 /* iPhone_Prefix.pch */,
				BB24DDC910DA781C00E9C588 /* ofxiphone-Info.plist */,
				E41D3EE513B3906D00A75A5D /* CoreOF.xcconfig */,
				E41D3ED613B38FB500A75A5D /* Project.xcconfig */,
			);
			name = openFrameworks;
			sourceTree = "<group>";
		};
		BBE5E94E0F497BD800F28951 /* core */ = {
			isa = PBXGroup;
			children = (
				29B97323FDCFA39411CA2CEA /* core frameworks */,
			);
			name = core;
			sourceTree = "<group>";
		};
		E41D40FE13B3A0D800A75A5D /* Products */ = {
			isa = PBXGroup;
			children = (
				E41D410213B3A0D800A75A5D /* libofxiPhone_iphoneos_Debug.a */,
			);
			name = Products;
			sourceTree = "<group>";
		};
		E4D8936A11527B74007E1F53 /* src */ = {
			isa = PBXGroup;
			children = (
				E4D8936B11527B74007E1F53 /* main.mm */,
				E4D8936D11527B74007E1F53 /* testApp.mm */,
				E4D8936C11527B74007E1F53 /* testApp.h */,
			);
			path = src;
			sourceTree = SOURCE_ROOT;
		};
/* End PBXGroup section */

/* Begin PBXNativeTarget section */
		1D6058900D05DD3D006BFB54 /* ofxTouchGUI */ = {
			isa = PBXNativeTarget;
			buildConfigurationList = 1D6058960D05DD3E006BFB54 /* Build configuration list for PBXNativeTarget "ofxTouchGUI" */;
			buildPhases = (
				1D60588D0D05DD3D006BFB54 /* Resources */,
				1D60588E0D05DD3D006BFB54 /* Sources */,
				1D60588F0D05DD3D006BFB54 /* Frameworks */,
				9255DD331112741900D6945E /* ShellScript */,
			);
			buildRules = (
			);
			dependencies = (
				E41D410413B3A11300A75A5D /* PBXTargetDependency */,
			);
			name = ofxTouchGUI;
			productName = iPhone;
			productReference = 1D6058910D05DD3D006BFB54 /* ofxTouchGUI.app */;
			productType = "com.apple.product-type.application";
		};
/* End PBXNativeTarget section */

/* Begin PBXProject section */
		29B97313FDCFA39411CA2CEA /* Project object */ = {
			isa = PBXProject;
			buildConfigurationList = C01FCF4E08A954540054247B /* Build configuration list for PBXProject "ofxTouchGUI" */;
			compatibilityVersion = "Xcode 3.1";
			developmentRegion = English;
			hasScannedForEncodings = 1;
			knownRegions = (
				English,
				Japanese,
				French,
				German,
			);
			mainGroup = 29B97314FDCFA39411CA2CEA /* CustomTemplate */;
			projectDirPath = "";
			projectReferences = (
				{
					ProductGroup = E41D40FE13B3A0D800A75A5D /* Products */;
					ProjectRef = E41D40FD13B3A0D800A75A5D /* iOS+OFLib.xcodeproj */;
				},
			);
			projectRoot = "";
			targets = (
				1D6058900D05DD3D006BFB54 /* ofxTouchGUI */,
			);
		};
/* End PBXProject section */

/* Begin PBXReferenceProxy section */
		E41D410213B3A0D800A75A5D /* libofxiPhone_iphoneos_Debug.a */ = {
			isa = PBXReferenceProxy;
			fileType = archive.ar;
			path = libofxiPhone_iphoneos_Debug.a;
			remoteRef = E41D410113B3A0D800A75A5D /* PBXContainerItemProxy */;
			sourceTree = BUILT_PRODUCTS_DIR;
		};
/* End PBXReferenceProxy section */

/* Begin PBXResourcesBuildPhase section */
		1D60588D0D05DD3D006BFB54 /* Resources */ = {
			isa = PBXResourcesBuildPhase;
			buildActionMask = 2147483647;
			files = (
				BB24DD8F10DA77E000E9C588 /* Default.png in Resources */,
				BB24DD9010DA77E000E9C588 /* Icon.png in Resources */,
				BB24DDCA10DA781C00E9C588 /* ofxiphone-Info.plist in Resources */,
				E41D3ED713B38FB500A75A5D /* Project.xcconfig in Resources */,
				E41D3EE613B3906D00A75A5D /* CoreOF.xcconfig in Resources */,
				A7DA7B771578772C003E00C6 /* install.xml in Resources */,
			);
			runOnlyForDeploymentPostprocessing = 0;
		};
/* End PBXResourcesBuildPhase section */

/* Begin PBXShellScriptBuildPhase section */
		9255DD331112741900D6945E /* ShellScript */ = {
			isa = PBXShellScriptBuildPhase;
			buildActionMask = 2147483647;
			files = (
			);
			inputPaths = (
			);
			outputPaths = (
			);
			runOnlyForDeploymentPostprocessing = 0;
			shellPath = /bin/sh;
			shellScript = "cp -rf bin/data/ \"$TARGET_BUILD_DIR/$PRODUCT_NAME.app\"\n";
		};
/* End PBXShellScriptBuildPhase section */

/* Begin PBXSourcesBuildPhase section */
		1D60588E0D05DD3D006BFB54 /* Sources */ = {
			isa = PBXSourcesBuildPhase;
			buildActionMask = 2147483647;
			files = (
				E4D8936E11527B74007E1F53 /* main.mm in Sources */,
				E4D8936F11527B74007E1F53 /* testApp.mm in Sources */,
				A7A9427A1578551100B3F023 /* tinyxml.cpp in Sources */,
				A7A9427B1578551100B3F023 /* tinyxmlerror.cpp in Sources */,
				A7A9427C1578551100B3F023 /* tinyxmlparser.cpp in Sources */,
				A7A9427D1578551100B3F023 /* ofxXmlSettings.cpp in Sources */,
				A7DA7B781578772C003E00C6 /* IpEndpointName.cpp in Sources */,
				A7DA7B791578772C003E00C6 /* NetworkingUtils.cpp in Sources */,
				A7DA7B7A1578772C003E00C6 /* UdpSocket.cpp in Sources */,
				A7DA7B7B1578772C003E00C6 /* NetworkingUtilsWin.cpp in Sources */,
				A7DA7B7C1578772C003E00C6 /* UdpSocketWin.cpp in Sources */,
				A7DA7B7D1578772C003E00C6 /* OscOutboundPacketStream.cpp in Sources */,
				A7DA7B7E1578772C003E00C6 /* OscPrintReceivedElements.cpp in Sources */,
				A7DA7B7F1578772C003E00C6 /* OscReceivedElements.cpp in Sources */,
				A7DA7B801578772C003E00C6 /* OscTypes.cpp in Sources */,
				A7DA7B811578772C003E00C6 /* ofxOscBundle.cpp in Sources */,
				A7DA7B821578772C003E00C6 /* ofxOscMessage.cpp in Sources */,
				A7DA7B831578772C003E00C6 /* ofxOscReceiver.cpp in Sources */,
				A7DA7B841578772C003E00C6 /* ofxOscSender.cpp in Sources */,
				A70F7841159C26ED003B8B9A /* ofxTouchGUI.mm in Sources */,
				A70F7842159C26ED003B8B9A /* ofxTouchGUIBase.mm in Sources */,
				A70F7843159C26ED003B8B9A /* ofxTouchGUIButton.mm in Sources */,
				A70F7844159C26ED003B8B9A /* ofxTouchGUIDropDown.mm in Sources */,
				A70F7845159C26ED003B8B9A /* ofxTouchGUISlider.mm in Sources */,
				A70F7846159C26ED003B8B9A /* ofxTouchGUIText.mm in Sources */,
				A70F7847159C26ED003B8B9A /* ofxTouchGUITextInput.mm in Sources */,
				A70F7848159C26ED003B8B9A /* ofxTouchGUIToggleButton.mm in Sources */,
			);
			runOnlyForDeploymentPostprocessing = 0;
		};
/* End PBXSourcesBuildPhase section */

/* Begin PBXTargetDependency section */
		E41D410413B3A11300A75A5D /* PBXTargetDependency */ = {
			isa = PBXTargetDependency;
			name = "iPhone+OF Static Library";
			targetProxy = E41D410313B3A11300A75A5D /* PBXContainerItemProxy */;
		};
/* End PBXTargetDependency section */

/* Begin XCBuildConfiguration section */
		1D6058940D05DD3E006BFB54 /* Debug */ = {
			isa = XCBuildConfiguration;
			buildSettings = {
				ALWAYS_SEARCH_USER_PATHS = NO;
				GCC_PRECOMPILE_PREFIX_HEADER = YES;
				GCC_PREFIX_HEADER = iPhone_Prefix.pch;
				INFOPLIST_FILE = "ofxiphone-Info.plist";
				PRODUCT_NAME = ofxTouchGUI;
			};
			name = Debug;
		};
		1D6058950D05DD3E006BFB54 /* Release */ = {
			isa = XCBuildConfiguration;
			buildSettings = {
				GCC_PRECOMPILE_PREFIX_HEADER = YES;
				GCC_PREFIX_HEADER = iPhone_Prefix.pch;
				INFOPLIST_FILE = "ofxiphone-Info.plist";
				PRODUCT_NAME = ofxTouchGUI;
			};
			name = Release;
		};
		C01FCF4F08A954540054247B /* Debug */ = {
			isa = XCBuildConfiguration;
			baseConfigurationReference = E41D3ED613B38FB500A75A5D /* Project.xcconfig */;
			buildSettings = {
				ALWAYS_SEARCH_USER_PATHS = YES;
				ARCHS = "$(ARCHS_STANDARD_32_BIT)";
				CODE_SIGN_IDENTITY = "";
				"CODE_SIGN_IDENTITY[sdk=iphoneos*]" = "iPhone Developer";
				COMPRESS_PNG_FILES = NO;
				GCC_C_LANGUAGE_STANDARD = c99;
				GCC_OPTIMIZATION_LEVEL = 0;
				GCC_SYMBOLS_PRIVATE_EXTERN = NO;
				GCC_WARN_ABOUT_DEPRECATED_FUNCTIONS = NO;
				GCC_WARN_ABOUT_INVALID_OFFSETOF_MACRO = NO;
				GCC_WARN_ABOUT_POINTER_SIGNEDNESS = NO;
				GCC_WARN_ABOUT_RETURN_TYPE = YES;
				GCC_WARN_ALLOW_INCOMPLETE_PROTOCOL = NO;
				GCC_WARN_PROTOTYPE_CONVERSION = NO;
				GCC_WARN_UNUSED_VARIABLE = YES;
				HEADER_SEARCH_PATHS = (
					"$(OF_CORE_HEADERS)",
					src,
				);
				IPHONEOS_DEPLOYMENT_TARGET = 3.1;
				ONLY_ACTIVE_ARCH = NO;
				PREBINDING = NO;
				"PROVISIONING_PROFILE[sdk=iphoneos*]" = "";
				SDKROOT = iphoneos;
				TARGETED_DEVICE_FAMILY = 1;
				WARNING_LDFLAGS = "-no_arch_warnings";
			};
			name = Debug;
		};
		C01FCF5008A954540054247B /* Release */ = {
			isa = XCBuildConfiguration;
			baseConfigurationReference = E41D3ED613B38FB500A75A5D /* Project.xcconfig */;
			buildSettings = {
				ALWAYS_SEARCH_USER_PATHS = YES;
				ARCHS = "$(ARCHS_STANDARD_32_BIT)";
				CODE_SIGN_IDENTITY = "";
				"CODE_SIGN_IDENTITY[sdk=iphoneos*]" = "iPhone Developer";
				COMPRESS_PNG_FILES = NO;
				GCC_C_LANGUAGE_STANDARD = c99;
				GCC_DYNAMIC_NO_PIC = YES;
				GCC_GENERATE_DEBUGGING_SYMBOLS = NO;
				GCC_OPTIMIZATION_LEVEL = 3;
				GCC_SYMBOLS_PRIVATE_EXTERN = NO;
				GCC_THUMB_SUPPORT = NO;
				GCC_WARN_ABOUT_RETURN_TYPE = YES;
				GCC_WARN_UNUSED_VARIABLE = YES;
				HEADER_SEARCH_PATHS = (
					"$(OF_CORE_HEADERS)",
					src,
				);
				IPHONEOS_DEPLOYMENT_TARGET = 3.1;
				ONLY_ACTIVE_ARCH = NO;
				PREBINDING = NO;
				SDKROOT = iphoneos;
				TARGETED_DEVICE_FAMILY = 1;
				WARNING_LDFLAGS = "-no_arch_warnings";
			};
			name = Release;
		};
/* End XCBuildConfiguration section */

/* Begin XCConfigurationList section */
		1D6058960D05DD3E006BFB54 /* Build configuration list for PBXNativeTarget "ofxTouchGUI" */ = {
			isa = XCConfigurationList;
			buildConfigurations = (
				1D6058940D05DD3E006BFB54 /* Debug */,
				1D6058950D05DD3E006BFB54 /* Release */,
			);
			defaultConfigurationIsVisible = 0;
			defaultConfigurationName = Release;
		};
		C01FCF4E08A954540054247B /* Build configuration list for PBXProject "ofxTouchGUI" */ = {
			isa = XCConfigurationList;
			buildConfigurations = (
				C01FCF4F08A954540054247B /* Debug */,
				C01FCF5008A954540054247B /* Release */,
			);
			defaultConfigurationIsVisible = 0;
			defaultConfigurationName = Release;
		};
/* End XCConfigurationList section */
	};
	rootObject = 29B97313FDCFA39411CA2CEA /* Project object */;
}
